
Microsoft Visual Studio Solution File, Format Version 12.00
# Visual Studio Version 16
VisualStudioVersion = 16.0.31911.196
MinimumVisualStudioVersion = 10.0.40219.1
Project("{FAE04EC0-301F-11D3-BF4B-00C04F79EFBC}") = "OptocomSoftware", "SmartEyeControl-7\OptocomSoftware.csproj", "{3D8011CD-8DB8-4C56-8662-341073D0FBA9}"
	ProjectSection(ProjectDependencies) = postProject
		{B0FBA40A-21D8-4E5F-942D-14B449CFB56B} = {B0FBA40A-21D8-4E5F-942D-14B449CFB56B}
	EndProjectSection
EndProject
Project("{54435603-DBB4-11D2-8724-00A0C9A8B90C}") = "SEAC-7", "Deployment_Project\Deployment_Project.vdproj", "{F4ED4A3E-01EA-4696-AACA-CE49DD1F43B5}"
EndProject
Project("{FAE04EC0-301F-11D3-BF4B-00C04F79EFBC}") = "DLMS_COSEM_Lib", "DLMS_COSEM_Lib\DLMS_COSEM_Lib.csproj", "{964A11F5-41BB-43F6-A038-3DB7C03E0A8F}"
EndProject
Project("{FAE04EC0-301F-11D3-BF4B-00C04F79EFBC}") = "ServerToolkit.BufferManagement", "ServerToolKit\ServerToolkit.BufferManagement.csproj", "{DB69A550-67B0-40EC-A27E-CFD646D04615}"
EndProject
Project("{FAE04EC0-301F-11D3-BF4B-00C04F79EFBC}") = "HDLCLib", "HDLCLib\HDLCLib.csproj", "{B0FBA40A-21D8-4E5F-942D-14B449CFB56B}"
EndProject
Project("{FAE04EC0-301F-11D3-BF4B-00C04F79EFBC}") = "SharedCode", "SharedCode\SharedCode.csproj", "{101351F7-97D8-4124-8108-2F08B284241A}"
EndProject
Project("{FAE04EC0-301F-11D3-BF4B-00C04F79EFBC}") = "DatabaseConfiguration", "DatabaseConfiguration\DatabaseConfiguration\DatabaseConfiguration.csproj", "{02658470-02DC-4C1C-93B0-40F71393F8B4}"
EndProject
Project("{FAE04EC0-301F-11D3-BF4B-00C04F79EFBC}") = "DatabaseManager", "DatabaseManager\DatabaseManager.csproj", "{C081A1EE-59EC-4DB9-BB05-FD2B5EB451EE}"
EndProject
Project("{FAE04EC0-301F-11D3-BF4B-00C04F79EFBC}") = "Communicator", "SmartEye_MDC\Communicator.csproj", "{21D0A508-DAD1-4D24-9FAD-DD14FB155ECB}"
EndProject
Project("{FAE04EC0-301F-11D3-BF4B-00C04F79EFBC}") = "dlmsConfigurationTool", "DatabaseConfiguration\dlmsConfigurationTool\dlmsConfigurationTool.csproj", "{67115468-1948-4687-AA38-1BD54C4E5C76}"
EndProject
Global
	GlobalSection(SolutionConfigurationPlatforms) = preSolution
		Debug|Any CPU = Debug|Any CPU
		Debug|x64 = Debug|x64
		Debug|x86 = Debug|x86
		Release|Any CPU = Release|Any CPU
		Release|x64 = Release|x64
		Release|x86 = Release|x86
	EndGlobalSection
	GlobalSection(ProjectConfigurationPlatforms) = postSolution
		{3D8011CD-8DB8-4C56-8662-341073D0FBA9}.Debug|Any CPU.ActiveCfg = Debug|Any CPU
		{3D8011CD-8DB8-4C56-8662-341073D0FBA9}.Debug|Any CPU.Build.0 = Debug|Any CPU
		{3D8011CD-8DB8-4C56-8662-341073D0FBA9}.Debug|x64.ActiveCfg = Debug|Any CPU
		{3D8011CD-8DB8-4C56-8662-341073D0FBA9}.Debug|x64.Build.0 = Debug|Any CPU
		{3D8011CD-8DB8-4C56-8662-341073D0FBA9}.Debug|x86.ActiveCfg = Debug|Any CPU
		{3D8011CD-8DB8-4C56-8662-341073D0FBA9}.Debug|x86.Build.0 = Debug|Any CPU
		{3D8011CD-8DB8-4C56-8662-341073D0FBA9}.Release|Any CPU.ActiveCfg = Release|Any CPU
		{3D8011CD-8DB8-4C56-8662-341073D0FBA9}.Release|Any CPU.Build.0 = Release|Any CPU
		{3D8011CD-8DB8-4C56-8662-341073D0FBA9}.Release|x64.ActiveCfg = Release|Any CPU
		{3D8011CD-8DB8-4C56-8662-341073D0FBA9}.Release|x64.Build.0 = Release|Any CPU
		{3D8011CD-8DB8-4C56-8662-341073D0FBA9}.Release|x86.ActiveCfg = Release|x86
		{3D8011CD-8DB8-4C56-8662-341073D0FBA9}.Release|x86.Build.0 = Release|x86
		{F4ED4A3E-01EA-4696-AACA-CE49DD1F43B5}.Debug|Any CPU.ActiveCfg = Debug
		{F4ED4A3E-01EA-4696-AACA-CE49DD1F43B5}.Debug|x64.ActiveCfg = Debug
		{F4ED4A3E-01EA-4696-AACA-CE49DD1F43B5}.Debug|x64.Build.0 = Debug
		{F4ED4A3E-01EA-4696-AACA-CE49DD1F43B5}.Debug|x86.ActiveCfg = Debug
		{F4ED4A3E-01EA-4696-AACA-CE49DD1F43B5}.Debug|x86.Build.0 = Debug
		{F4ED4A3E-01EA-4696-AACA-CE49DD1F43B5}.Release|Any CPU.ActiveCfg = Release
		{F4ED4A3E-01EA-4696-AACA-CE49DD1F43B5}.Release|x64.ActiveCfg = Release
		{F4ED4A3E-01EA-4696-AACA-CE49DD1F43B5}.Release|x64.Build.0 = Release
		{F4ED4A3E-01EA-4696-AACA-CE49DD1F43B5}.Release|x86.ActiveCfg = Release
		{F4ED4A3E-01EA-4696-AACA-CE49DD1F43B5}.Release|x86.Build.0 = Release
		{964A11F5-41BB-43F6-A038-3DB7C03E0A8F}.Debug|Any CPU.ActiveCfg = Debug|Any CPU
		{964A11F5-41BB-43F6-A038-3DB7C03E0A8F}.Debug|Any CPU.Build.0 = Debug|Any CPU
		{964A11F5-41BB-43F6-A038-3DB7C03E0A8F}.Debug|x64.ActiveCfg = Debug|Any CPU
		{964A11F5-41BB-43F6-A038-3DB7C03E0A8F}.Debug|x64.Build.0 = Debug|Any CPU
		{964A11F5-41BB-43F6-A038-3DB7C03E0A8F}.Debug|x86.ActiveCfg = Debug|x86
		{964A11F5-41BB-43F6-A038-3DB7C03E0A8F}.Debug|x86.Build.0 = Debug|x86
		{964A11F5-41BB-43F6-A038-3DB7C03E0A8F}.Release|Any CPU.ActiveCfg = Release|Any CPU
		{964A11F5-41BB-43F6-A038-3DB7C03E0A8F}.Release|Any CPU.Build.0 = Release|Any CPU
		{964A11F5-41BB-43F6-A038-3DB7C03E0A8F}.Release|x64.ActiveCfg = Release|Any CPU
		{964A11F5-41BB-43F6-A038-3DB7C03E0A8F}.Release|x64.Build.0 = Release|Any CPU
		{964A11F5-41BB-43F6-A038-3DB7C03E0A8F}.Release|x86.ActiveCfg = Release|x86
		{964A11F5-41BB-43F6-A038-3DB7C03E0A8F}.Release|x86.Build.0 = Release|x86
		{DB69A550-67B0-40EC-A27E-CFD646D04615}.Debug|Any CPU.ActiveCfg = Debug|Any CPU
		{DB69A550-67B0-40EC-A27E-CFD646D04615}.Debug|Any CPU.Build.0 = Debug|Any CPU
		{DB69A550-67B0-40EC-A27E-CFD646D04615}.Debug|x64.ActiveCfg = Debug|Any CPU
		{DB69A550-67B0-40EC-A27E-CFD646D04615}.Debug|x64.Build.0 = Debug|Any CPU
		{DB69A550-67B0-40EC-A27E-CFD646D04615}.Debug|x86.ActiveCfg = Debug|x86
		{DB69A550-67B0-40EC-A27E-CFD646D04615}.Debug|x86.Build.0 = Debug|x86
		{DB69A550-67B0-40EC-A27E-CFD646D04615}.Release|Any CPU.ActiveCfg = Release|Any CPU
		{DB69A550-67B0-40EC-A27E-CFD646D04615}.Release|Any CPU.Build.0 = Release|Any CPU
		{DB69A550-67B0-40EC-A27E-CFD646D04615}.Release|x64.ActiveCfg = Release|Any CPU
		{DB69A550-67B0-40EC-A27E-CFD646D04615}.Release|x64.Build.0 = Release|Any CPU
		{DB69A550-67B0-40EC-A27E-CFD646D04615}.Release|x86.ActiveCfg = Release|x86
		{DB69A550-67B0-40EC-A27E-CFD646D04615}.Release|x86.Build.0 = Release|x86
		{B0FBA40A-21D8-4E5F-942D-14B449CFB56B}.Debug|Any CPU.ActiveCfg = Debug|Any CPU
		{B0FBA40A-21D8-4E5F-942D-14B449CFB56B}.Debug|Any CPU.Build.0 = Debug|Any CPU
		{B0FBA40A-21D8-4E5F-942D-14B449CFB56B}.Debug|x64.ActiveCfg = Debug|Any CPU
		{B0FBA40A-21D8-4E5F-942D-14B449CFB56B}.Debug|x64.Build.0 = Debug|Any CPU
		{B0FBA40A-21D8-4E5F-942D-14B449CFB56B}.Debug|x86.ActiveCfg = Debug|x86
		{B0FBA40A-21D8-4E5F-942D-14B449CFB56B}.Debug|x86.Build.0 = Debug|x86
		{B0FBA40A-21D8-4E5F-942D-14B449CFB56B}.Release|Any CPU.ActiveCfg = Release|Any CPU
		{B0FBA40A-21D8-4E5F-942D-14B449CFB56B}.Release|Any CPU.Build.0 = Release|Any CPU
		{B0FBA40A-21D8-4E5F-942D-14B449CFB56B}.Release|x64.ActiveCfg = Release|Any CPU
		{B0FBA40A-21D8-4E5F-942D-14B449CFB56B}.Release|x64.Build.0 = Release|Any CPU
		{B0FBA40A-21D8-4E5F-942D-14B449CFB56B}.Release|x86.ActiveCfg = Release|x86
		{B0FBA40A-21D8-4E5F-942D-14B449CFB56B}.Release|x86.Build.0 = Release|x86
		{101351F7-97D8-4124-8108-2F08B284241A}.Debug|Any CPU.ActiveCfg = Debug|Any CPU
		{101351F7-97D8-4124-8108-2F08B284241A}.Debug|Any CPU.Build.0 = Debug|Any CPU
		{101351F7-97D8-4124-8108-2F08B284241A}.Debug|x64.ActiveCfg = Debug|Any CPU
		{101351F7-97D8-4124-8108-2F08B284241A}.Debug|x64.Build.0 = Debug|Any CPU
		{101351F7-97D8-4124-8108-2F08B284241A}.Debug|x86.ActiveCfg = Debug|Any CPU
		{101351F7-97D8-4124-8108-2F08B284241A}.Debug|x86.Build.0 = Debug|Any CPU
		{101351F7-97D8-4124-8108-2F08B284241A}.Release|Any CPU.ActiveCfg = Release|Any CPU
		{101351F7-97D8-4124-8108-2F08B284241A}.Release|Any CPU.Build.0 = Release|Any CPU
		{101351F7-97D8-4124-8108-2F08B284241A}.Release|x64.ActiveCfg = Release|Any CPU
		{101351F7-97D8-4124-8108-2F08B284241A}.Release|x64.Build.0 = Release|Any CPU
		{101351F7-97D8-4124-8108-2F08B284241A}.Release|x86.ActiveCfg = Release|Any CPU
		{101351F7-97D8-4124-8108-2F08B284241A}.Release|x86.Build.0 = Release|Any CPU
		{02658470-02DC-4C1C-93B0-40F71393F8B4}.Debug|Any CPU.ActiveCfg = Debug|Any CPU
		{02658470-02DC-4C1C-93B0-40F71393F8B4}.Debug|Any CPU.Build.0 = Debug|Any CPU
		{02658470-02DC-4C1C-93B0-40F71393F8B4}.Debug|x64.ActiveCfg = Debug|Any CPU
		{02658470-02DC-4C1C-93B0-40F71393F8B4}.Debug|x64.Build.0 = Debug|Any CPU
		{02658470-02DC-4C1C-93B0-40F71393F8B4}.Debug|x86.ActiveCfg = Debug|Any CPU
		{02658470-02DC-4C1C-93B0-40F71393F8B4}.Debug|x86.Build.0 = Debug|Any CPU
		{02658470-02DC-4C1C-93B0-40F71393F8B4}.Release|Any CPU.ActiveCfg = Release|Any CPU
		{02658470-02DC-4C1C-93B0-40F71393F8B4}.Release|Any CPU.Build.0 = Release|Any CPU
		{02658470-02DC-4C1C-93B0-40F71393F8B4}.Release|x64.ActiveCfg = Release|Any CPU
		{02658470-02DC-4C1C-93B0-40F71393F8B4}.Release|x64.Build.0 = Release|Any CPU
		{02658470-02DC-4C1C-93B0-40F71393F8B4}.Release|x86.ActiveCfg = Release|Any CPU
		{02658470-02DC-4C1C-93B0-40F71393F8B4}.Release|x86.Build.0 = Release|Any CPU
		{C081A1EE-59EC-4DB9-BB05-FD2B5EB451EE}.Debug|Any CPU.ActiveCfg = Debug|Any CPU
		{C081A1EE-59EC-4DB9-BB05-FD2B5EB451EE}.Debug|Any CPU.Build.0 = Debug|Any CPU
		{C081A1EE-59EC-4DB9-BB05-FD2B5EB451EE}.Debug|x64.ActiveCfg = Debug|x64
		{C081A1EE-59EC-4DB9-BB05-FD2B5EB451EE}.Debug|x64.Build.0 = Debug|x64
		{C081A1EE-59EC-4DB9-BB05-FD2B5EB451EE}.Debug|x86.ActiveCfg = Debug|x86
		{C081A1EE-59EC-4DB9-BB05-FD2B5EB451EE}.Debug|x86.Build.0 = Debug|x86
		{C081A1EE-59EC-4DB9-BB05-FD2B5EB451EE}.Release|Any CPU.ActiveCfg = Release|Any CPU
		{C081A1EE-59EC-4DB9-BB05-FD2B5EB451EE}.Release|Any CPU.Build.0 = Release|Any CPU
		{C081A1EE-59EC-4DB9-BB05-FD2B5EB451EE}.Release|x64.ActiveCfg = Release|x64
		{C081A1EE-59EC-4DB9-BB05-FD2B5EB451EE}.Release|x64.Build.0 = Release|x64
		{C081A1EE-59EC-4DB9-BB05-FD2B5EB451EE}.Release|x86.ActiveCfg = Release|x86
		{C081A1EE-59EC-4DB9-BB05-FD2B5EB451EE}.Release|x86.Build.0 = Release|x86
		{21D0A508-DAD1-4D24-9FAD-DD14FB155ECB}.Debug|Any CPU.ActiveCfg = Debug|Any CPU
		{21D0A508-DAD1-4D24-9FAD-DD14FB155ECB}.Debug|Any CPU.Build.0 = Debug|Any CPU
		{21D0A508-DAD1-4D24-9FAD-DD14FB155ECB}.Debug|x64.ActiveCfg = Debug|x64
		{21D0A508-DAD1-4D24-9FAD-DD14FB155ECB}.Debug|x64.Build.0 = Debug|x64
		{21D0A508-DAD1-4D24-9FAD-DD14FB155ECB}.Debug|x86.ActiveCfg = Debug|x86
		{21D0A508-DAD1-4D24-9FAD-DD14FB155ECB}.Debug|x86.Build.0 = Debug|x86
		{21D0A508-DAD1-4D24-9FAD-DD14FB155ECB}.Release|Any CPU.ActiveCfg = Release|Any CPU
		{21D0A508-DAD1-4D24-9FAD-DD14FB155ECB}.Release|Any CPU.Build.0 = Release|Any CPU
		{21D0A508-DAD1-4D24-9FAD-DD14FB155ECB}.Release|x64.ActiveCfg = Release|x64
		{21D0A508-DAD1-4D24-9FAD-DD14FB155ECB}.Release|x64.Build.0 = Release|x64
		{21D0A508-DAD1-4D24-9FAD-DD14FB155ECB}.Release|x86.ActiveCfg = Release|x86
		{21D0A508-DAD1-4D24-9FAD-DD14FB155ECB}.Release|x86.Build.0 = Release|x86
		{67115468-1948-4687-AA38-1BD54C4E5C76}.Debug|Any CPU.ActiveCfg = Debug|Any CPU
		{67115468-1948-4687-AA38-1BD54C4E5C76}.Debug|Any CPU.Build.0 = Debug|Any CPU
		{67115468-1948-4687-AA38-1BD54C4E5C76}.Debug|x64.ActiveCfg = Debug|Any CPU
		{67115468-1948-4687-AA38-1BD54C4E5C76}.Debug|x64.Build.0 = Debug|Any CPU
		{67115468-1948-4687-AA38-1BD54C4E5C76}.Debug|x86.ActiveCfg = Debug|Any CPU
		{67115468-1948-4687-AA38-1BD54C4E5C76}.Debug|x86.Build.0 = Debug|Any CPU
		{67115468-1948-4687-AA38-1BD54C4E5C76}.Release|Any CPU.ActiveCfg = Release|Any CPU
		{67115468-1948-4687-AA38-1BD54C4E5C76}.Release|Any CPU.Build.0 = Release|Any CPU
		{67115468-1948-4687-AA38-1BD54C4E5C76}.Release|x64.ActiveCfg = Release|Any CPU
		{67115468-1948-4687-AA38-1BD54C4E5C76}.Release|x64.Build.0 = Release|Any CPU
		{67115468-1948-4687-AA38-1BD54C4E5C76}.Release|x86.ActiveCfg = Release|Any CPU
		{67115468-1948-4687-AA38-1BD54C4E5C76}.Release|x86.Build.0 = Release|Any CPU
	EndGlobalSection
	GlobalSection(SolutionProperties) = preSolution
		HideSolutionNode = FALSE
	EndGlobalSection
	GlobalSection(ExtensibilityGlobals) = postSolution
		SolutionGuid = {900EC306-E1A5-418F-AA9D-6D73D2BB743D}
	EndGlobalSection
EndGlobal
